
Microsoft Visual Studio Solution File, Format Version 12.00
# Visual Studio Version 16
VisualStudioVersion = 16.0.29609.76
MinimumVisualStudioVersion = 10.0.40219.1
Project("{2150E333-8FDC-42A3-9474-1A3956D46DE8}") = "Clients", "Clients", "{BB4A5E8B-B7AB-4C35-BC72-373C800BDA93}"
EndProject
Project("{2150E333-8FDC-42A3-9474-1A3956D46DE8}") = "WebApps", "WebApps", "{256B5535-53EA-4103-9941-16BF70B0CD68}"
EndProject
Project("{2150E333-8FDC-42A3-9474-1A3956D46DE8}") = "Domain", "Domain", "{E0DE513C-3F57-492B-9420-B4A92382C57B}"
EndProject
Project("{2150E333-8FDC-42A3-9474-1A3956D46DE8}") = "Modules", "Modules", "{263EF7EE-CDB4-4DF8-A5C9-4D503A950265}"
EndProject
Project("{2150E333-8FDC-42A3-9474-1A3956D46DE8}") = "Services", "Services", "{6601C0AA-4B89-44A3-9F6D-3BC4AC39DA9C}"
EndProject
Project("{9A19103F-16F7-4668-BE54-9A1E7A4F7556}") = "TheMonitaur.Domain.Variables", "Domain\TheMonitaur.Domain.Variables\TheMonitaur.Domain.Variables.csproj", "{95502732-DDD9-40BB-8D2D-2A6A9F43CBBB}"
EndProject
Project("{9A19103F-16F7-4668-BE54-9A1E7A4F7556}") = "TheMonitaur.Services.SignalR", "Clients\Services\TheMonitaur.Services.SignalR\TheMonitaur.Services.SignalR.csproj", "{713699CC-D648-476A-9771-83E2BFC2B0B9}"
EndProject
Project("{9A19103F-16F7-4668-BE54-9A1E7A4F7556}") = "TheMonitaur.Domain.CodeFirst", "Domain\TheMonitaur.Domain.CodeFirst\TheMonitaur.Domain.CodeFirst.csproj", "{0C53DC51-5BE7-4833-8F46-BAF5F1DB0D70}"
EndProject
Project("{9A19103F-16F7-4668-BE54-9A1E7A4F7556}") = "TheMonitaur.WebApps.Identity", "Clients\WebApps\TheMonitaur.WebApps.Identity\TheMonitaur.WebApps.Identity.csproj", "{BEEA2FD2-933C-44A6-BF30-7FFC54012A7E}"
EndProject
Project("{9A19103F-16F7-4668-BE54-9A1E7A4F7556}") = "TheMonitaur.WebApps.Landing", "Clients\WebApps\TheMonitaur.WebApps.Landing\TheMonitaur.WebApps.Landing.csproj", "{342C5BCC-DAF2-449F-BFCD-F91C46858F4B}"
EndProject
Project("{9A19103F-16F7-4668-BE54-9A1E7A4F7556}") = "TheMonitaur.WebApps.WebAPI", "Clients\WebApps\TheMonitaur.WebApps.WebAPI\TheMonitaur.WebApps.WebAPI.csproj", "{51F841FA-54D4-4642-94E5-A67118ABF541}"
EndProject
Global
	GlobalSection(SolutionConfigurationPlatforms) = preSolution
		Debug|Any CPU = Debug|Any CPU
		Release|Any CPU = Release|Any CPU
	EndGlobalSection
	GlobalSection(ProjectConfigurationPlatforms) = postSolution
		{95502732-DDD9-40BB-8D2D-2A6A9F43CBBB}.Debug|Any CPU.ActiveCfg = Debug|Any CPU
		{95502732-DDD9-40BB-8D2D-2A6A9F43CBBB}.Debug|Any CPU.Build.0 = Debug|Any CPU
		{95502732-DDD9-40BB-8D2D-2A6A9F43CBBB}.Release|Any CPU.ActiveCfg = Release|Any CPU
		{95502732-DDD9-40BB-8D2D-2A6A9F43CBBB}.Release|Any CPU.Build.0 = Release|Any CPU
		{713699CC-D648-476A-9771-83E2BFC2B0B9}.Debug|Any CPU.ActiveCfg = Debug|Any CPU
		{713699CC-D648-476A-9771-83E2BFC2B0B9}.Debug|Any CPU.Build.0 = Debug|Any CPU
		{713699CC-D648-476A-9771-83E2BFC2B0B9}.Release|Any CPU.ActiveCfg = Release|Any CPU
		{713699CC-D648-476A-9771-83E2BFC2B0B9}.Release|Any CPU.Build.0 = Release|Any CPU
		{0C53DC51-5BE7-4833-8F46-BAF5F1DB0D70}.Debug|Any CPU.ActiveCfg = Debug|Any CPU
		{0C53DC51-5BE7-4833-8F46-BAF5F1DB0D70}.Debug|Any CPU.Build.0 = Debug|Any CPU
		{0C53DC51-5BE7-4833-8F46-BAF5F1DB0D70}.Release|Any CPU.ActiveCfg = Release|Any CPU
		{0C53DC51-5BE7-4833-8F46-BAF5F1DB0D70}.Release|Any CPU.Build.0 = Release|Any CPU
		{BEEA2FD2-933C-44A6-BF30-7FFC54012A7E}.Debug|Any CPU.ActiveCfg = Debug|Any CPU
		{BEEA2FD2-933C-44A6-BF30-7FFC54012A7E}.Debug|Any CPU.Build.0 = Debug|Any CPU
		{BEEA2FD2-933C-44A6-BF30-7FFC54012A7E}.Release|Any CPU.ActiveCfg = Release|Any CPU
		{BEEA2FD2-933C-44A6-BF30-7FFC54012A7E}.Release|Any CPU.Build.0 = Release|Any CPU
		{342C5BCC-DAF2-449F-BFCD-F91C46858F4B}.Debug|Any CPU.ActiveCfg = Debug|Any CPU
		{342C5BCC-DAF2-449F-BFCD-F91C46858F4B}.Debug|Any CPU.Build.0 = Debug|Any CPU
		{342C5BCC-DAF2-449F-BFCD-F91C46858F4B}.Release|Any CPU.ActiveCfg = Release|Any CPU
		{342C5BCC-DAF2-449F-BFCD-F91C46858F4B}.Release|Any CPU.Build.0 = Release|Any CPU
		{51F841FA-54D4-4642-94E5-A67118ABF541}.Debug|Any CPU.ActiveCfg = Debug|Any CPU
		{51F841FA-54D4-4642-94E5-A67118ABF541}.Debug|Any CPU.Build.0 = Debug|Any CPU
		{51F841FA-54D4-4642-94E5-A67118ABF541}.Release|Any CPU.ActiveCfg = Release|Any CPU
		{51F841FA-54D4-4642-94E5-A67118ABF541}.Release|Any CPU.Build.0 = Release|Any CPU
	EndGlobalSection
	GlobalSection(SolutionProperties) = preSolution
		HideSolutionNode = FALSE
	EndGlobalSection
	GlobalSection(NestedProjects) = preSolution
		{256B5535-53EA-4103-9941-16BF70B0CD68} = {BB4A5E8B-B7AB-4C35-BC72-373C800BDA93}
		{6601C0AA-4B89-44A3-9F6D-3BC4AC39DA9C} = {BB4A5E8B-B7AB-4C35-BC72-373C800BDA93}
		{95502732-DDD9-40BB-8D2D-2A6A9F43CBBB} = {E0DE513C-3F57-492B-9420-B4A92382C57B}
		{713699CC-D648-476A-9771-83E2BFC2B0B9} = {6601C0AA-4B89-44A3-9F6D-3BC4AC39DA9C}
		{0C53DC51-5BE7-4833-8F46-BAF5F1DB0D70} = {E0DE513C-3F57-492B-9420-B4A92382C57B}
		{BEEA2FD2-933C-44A6-BF30-7FFC54012A7E} = {256B5535-53EA-4103-9941-16BF70B0CD68}
		{342C5BCC-DAF2-449F-BFCD-F91C46858F4B} = {256B5535-53EA-4103-9941-16BF70B0CD68}
		{51F841FA-54D4-4642-94E5-A67118ABF541} = {256B5535-53EA-4103-9941-16BF70B0CD68}
	EndGlobalSection
	GlobalSection(ExtensibilityGlobals) = postSolution
		SolutionGuid = {F9327ADE-B919-4DB3-8CE0-9C3B65DFA054}
	EndGlobalSection
EndGlobal
